
Microsoft Visual Studio Solution File, Format Version 12.00
Project("{FAE04EC0-301F-11D3-BF4B-00C04F79EFBC}") = "programme4", "programme4\programme4.csproj", "{3F525D3A-9FDB-4E03-A98F-D24309CA48F6}"
EndProject
Global
	GlobalSection(SolutionConfigurationPlatforms) = preSolution
		Debug|Any CPU = Debug|Any CPU
		Release|Any CPU = Release|Any CPU
	EndGlobalSection
	GlobalSection(ProjectConfigurationPlatforms) = postSolution
		{3F525D3A-9FDB-4E03-A98F-D24309CA48F6}.Debug|Any CPU.ActiveCfg = Debug|Any CPU
		{3F525D3A-9FDB-4E03-A98F-D24309CA48F6}.Debug|Any CPU.Build.0 = Debug|Any CPU
		{3F525D3A-9FDB-4E03-A98F-D24309CA48F6}.Release|Any CPU.ActiveCfg = Release|Any CPU
		{3F525D3A-9FDB-4E03-A98F-D24309CA48F6}.Release|Any CPU.Build.0 = Release|Any CPU
	EndGlobalSection
EndGlobal
