
Microsoft Visual Studio Solution File, Format Version 12.00
Project("{FAE04EC0-301F-11D3-BF4B-00C04F79EFBC}") = "seasons", "seasons\seasons.csproj", "{C098D097-DB8C-413E-997C-D3A8BD4F3D0E}"
EndProject
Global
	GlobalSection(SolutionConfigurationPlatforms) = preSolution
		Debug|Any CPU = Debug|Any CPU
		Release|Any CPU = Release|Any CPU
	EndGlobalSection
	GlobalSection(ProjectConfigurationPlatforms) = postSolution
		{C098D097-DB8C-413E-997C-D3A8BD4F3D0E}.Debug|Any CPU.ActiveCfg = Debug|Any CPU
		{C098D097-DB8C-413E-997C-D3A8BD4F3D0E}.Debug|Any CPU.Build.0 = Debug|Any CPU
		{C098D097-DB8C-413E-997C-D3A8BD4F3D0E}.Release|Any CPU.ActiveCfg = Release|Any CPU
		{C098D097-DB8C-413E-997C-D3A8BD4F3D0E}.Release|Any CPU.Build.0 = Release|Any CPU
	EndGlobalSection
EndGlobal
