
Microsoft Visual Studio Solution File, Format Version 12.00
Project("{FAE04EC0-301F-11D3-BF4B-00C04F79EFBC}") = "programme3", "programme3\programme3.csproj", "{9CE6A1DA-FAF6-4D7C-915E-3A3D8854A4D4}"
EndProject
Global
	GlobalSection(SolutionConfigurationPlatforms) = preSolution
		Debug|Any CPU = Debug|Any CPU
		Release|Any CPU = Release|Any CPU
	EndGlobalSection
	GlobalSection(ProjectConfigurationPlatforms) = postSolution
		{9CE6A1DA-FAF6-4D7C-915E-3A3D8854A4D4}.Debug|Any CPU.ActiveCfg = Debug|Any CPU
		{9CE6A1DA-FAF6-4D7C-915E-3A3D8854A4D4}.Debug|Any CPU.Build.0 = Debug|Any CPU
		{9CE6A1DA-FAF6-4D7C-915E-3A3D8854A4D4}.Release|Any CPU.ActiveCfg = Release|Any CPU
		{9CE6A1DA-FAF6-4D7C-915E-3A3D8854A4D4}.Release|Any CPU.Build.0 = Release|Any CPU
	EndGlobalSection
EndGlobal
